// !$*UTF8*$!
{
	archiveVersion = 1;
	classes = {
	};
	objectVersion = 55;
	objects = {

/* Begin PBXBuildFile section */
		0F6EF320278D5E6200D021CF /* TheShoppingFeed.framework in Frameworks */ = {isa = PBXBuildFile; fileRef = 0F6EF317278D5E6200D021CF /* TheShoppingFeed.framework */; };
		0F6EF325278D5E6200D021CF /* TheShoppingFeedTests.swift in Sources */ = {isa = PBXBuildFile; fileRef = 0F6EF324278D5E6200D021CF /* TheShoppingFeedTests.swift */; };
		0F6EF326278D5E6200D021CF /* TheShoppingFeed.h in Headers */ = {isa = PBXBuildFile; fileRef = 0F6EF31A278D5E6200D021CF /* TheShoppingFeed.h */; settings = {ATTRIBUTES = (Public, ); }; };
		0F6EF332278D5F8000D021CF /* ParameterEncoding.swift in Sources */ = {isa = PBXBuildFile; fileRef = 0F6EF331278D5F8000D021CF /* ParameterEncoding.swift */; };
		0F6EF334278D5F8A00D021CF /* URLParameterEncoding.swift in Sources */ = {isa = PBXBuildFile; fileRef = 0F6EF333278D5F8A00D021CF /* URLParameterEncoding.swift */; };
		0F6EF336278D5F9A00D021CF /* JSONParameterEncoder.swift in Sources */ = {isa = PBXBuildFile; fileRef = 0F6EF335278D5F9A00D021CF /* JSONParameterEncoder.swift */; };
		0F6EF339278D5FF100D021CF /* NetworkError.swift in Sources */ = {isa = PBXBuildFile; fileRef = 0F6EF338278D5FF100D021CF /* NetworkError.swift */; };
		0F6EF33B278D605300D021CF /* HTTPTask.swift in Sources */ = {isa = PBXBuildFile; fileRef = 0F6EF33A278D605300D021CF /* HTTPTask.swift */; };
		0F6EF33D278D606000D021CF /* HTTPMethod.swift in Sources */ = {isa = PBXBuildFile; fileRef = 0F6EF33C278D606000D021CF /* HTTPMethod.swift */; };
		0F6EF33F278D606A00D021CF /* NetworkProtocol.swift in Sources */ = {isa = PBXBuildFile; fileRef = 0F6EF33E278D606A00D021CF /* NetworkProtocol.swift */; };
		0F6EF341278D60A400D021CF /* Router.swift in Sources */ = {isa = PBXBuildFile; fileRef = 0F6EF340278D60A400D021CF /* Router.swift */; };
		0F6EF344278D612A00D021CF /* Endpoint.swift in Sources */ = {isa = PBXBuildFile; fileRef = 0F6EF343278D612A00D021CF /* Endpoint.swift */; };
/* End PBXBuildFile section */

/* Begin PBXContainerItemProxy section */
		0F6EF321278D5E6200D021CF /* PBXContainerItemProxy */ = {
			isa = PBXContainerItemProxy;
			containerPortal = 0F6EF30E278D5E6200D021CF /* Project object */;
			proxyType = 1;
			remoteGlobalIDString = 0F6EF316278D5E6200D021CF;
			remoteInfo = TheShoppingFeed;
		};
/* End PBXContainerItemProxy section */

/* Begin PBXFileReference section */
		0F6EF317278D5E6200D021CF /* TheShoppingFeed.framework */ = {isa = PBXFileReference; explicitFileType = wrapper.framework; includeInIndex = 0; path = TheShoppingFeed.framework; sourceTree = BUILT_PRODUCTS_DIR; };
		0F6EF31A278D5E6200D021CF /* TheShoppingFeed.h */ = {isa = PBXFileReference; lastKnownFileType = sourcecode.c.h; path = TheShoppingFeed.h; sourceTree = "<group>"; };
		0F6EF31F278D5E6200D021CF /* TheShoppingFeedTests.xctest */ = {isa = PBXFileReference; explicitFileType = wrapper.cfbundle; includeInIndex = 0; path = TheShoppingFeedTests.xctest; sourceTree = BUILT_PRODUCTS_DIR; };
		0F6EF324278D5E6200D021CF /* TheShoppingFeedTests.swift */ = {isa = PBXFileReference; lastKnownFileType = sourcecode.swift; path = TheShoppingFeedTests.swift; sourceTree = "<group>"; };
		0F6EF331278D5F8000D021CF /* ParameterEncoding.swift */ = {isa = PBXFileReference; lastKnownFileType = sourcecode.swift; path = ParameterEncoding.swift; sourceTree = "<group>"; };
		0F6EF333278D5F8A00D021CF /* URLParameterEncoding.swift */ = {isa = PBXFileReference; lastKnownFileType = sourcecode.swift; path = URLParameterEncoding.swift; sourceTree = "<group>"; };
		0F6EF335278D5F9A00D021CF /* JSONParameterEncoder.swift */ = {isa = PBXFileReference; lastKnownFileType = sourcecode.swift; path = JSONParameterEncoder.swift; sourceTree = "<group>"; };
		0F6EF338278D5FF100D021CF /* NetworkError.swift */ = {isa = PBXFileReference; lastKnownFileType = sourcecode.swift; path = NetworkError.swift; sourceTree = "<group>"; };
		0F6EF33A278D605300D021CF /* HTTPTask.swift */ = {isa = PBXFileReference; lastKnownFileType = sourcecode.swift; path = HTTPTask.swift; sourceTree = "<group>"; };
		0F6EF33C278D606000D021CF /* HTTPMethod.swift */ = {isa = PBXFileReference; lastKnownFileType = sourcecode.swift; path = HTTPMethod.swift; sourceTree = "<group>"; };
		0F6EF33E278D606A00D021CF /* NetworkProtocol.swift */ = {isa = PBXFileReference; lastKnownFileType = sourcecode.swift; path = NetworkProtocol.swift; sourceTree = "<group>"; };
		0F6EF340278D60A400D021CF /* Router.swift */ = {isa = PBXFileReference; lastKnownFileType = sourcecode.swift; path = Router.swift; sourceTree = "<group>"; };
		0F6EF343278D612A00D021CF /* Endpoint.swift */ = {isa = PBXFileReference; lastKnownFileType = sourcecode.swift; path = Endpoint.swift; sourceTree = "<group>"; };
/* End PBXFileReference section */

/* Begin PBXFrameworksBuildPhase section */
		0F6EF314278D5E6200D021CF /* Frameworks */ = {
			isa = PBXFrameworksBuildPhase;
			buildActionMask = 2147483647;
			files = (
			);
			runOnlyForDeploymentPostprocessing = 0;
		};
		0F6EF31C278D5E6200D021CF /* Frameworks */ = {
			isa = PBXFrameworksBuildPhase;
			buildActionMask = 2147483647;
			files = (
				0F6EF320278D5E6200D021CF /* TheShoppingFeed.framework in Frameworks */,
			);
			runOnlyForDeploymentPostprocessing = 0;
		};
/* End PBXFrameworksBuildPhase section */

/* Begin PBXGroup section */
		0F6EF30D278D5E6200D021CF = {
			isa = PBXGroup;
			children = (
				0F6EF319278D5E6200D021CF /* TheShoppingFeed */,
				0F6EF323278D5E6200D021CF /* TheShoppingFeedTests */,
				0F6EF318278D5E6200D021CF /* Products */,
			);
			sourceTree = "<group>";
		};
		0F6EF318278D5E6200D021CF /* Products */ = {
			isa = PBXGroup;
			children = (
				0F6EF317278D5E6200D021CF /* TheShoppingFeed.framework */,
				0F6EF31F278D5E6200D021CF /* TheShoppingFeedTests.xctest */,
			);
			name = Products;
			sourceTree = "<group>";
		};
		0F6EF319278D5E6200D021CF /* TheShoppingFeed */ = {
			isa = PBXGroup;
			children = (
				0F6EF32F278D5E8A00D021CF /* Networking */,
				0F6EF31A278D5E6200D021CF /* TheShoppingFeed.h */,
			);
			path = TheShoppingFeed;
			sourceTree = "<group>";
		};
		0F6EF323278D5E6200D021CF /* TheShoppingFeedTests */ = {
			isa = PBXGroup;
			children = (
				0F6EF324278D5E6200D021CF /* TheShoppingFeedTests.swift */,
			);
			path = TheShoppingFeedTests;
			sourceTree = "<group>";
		};
		0F6EF32F278D5E8A00D021CF /* Networking */ = {
			isa = PBXGroup;
			children = (
				0F6EF342278D612300D021CF /* Endpoint */,
				0F6EF330278D5F6700D021CF /* Encoding */,
				0F6EF337278D5FE500D021CF /* Service */,
			);
			path = Networking;
			sourceTree = "<group>";
		};
		0F6EF330278D5F6700D021CF /* Encoding */ = {
			isa = PBXGroup;
			children = (
				0F6EF331278D5F8000D021CF /* ParameterEncoding.swift */,
				0F6EF333278D5F8A00D021CF /* URLParameterEncoding.swift */,
				0F6EF335278D5F9A00D021CF /* JSONParameterEncoder.swift */,
			);
			path = Encoding;
			sourceTree = "<group>";
		};
		0F6EF337278D5FE500D021CF /* Service */ = {
			isa = PBXGroup;
			children = (
				0F6EF33C278D606000D021CF /* HTTPMethod.swift */,
				0F6EF33A278D605300D021CF /* HTTPTask.swift */,
				0F6EF338278D5FF100D021CF /* NetworkError.swift */,
				0F6EF33E278D606A00D021CF /* NetworkProtocol.swift */,
				0F6EF340278D60A400D021CF /* Router.swift */,
			);
			path = Service;
			sourceTree = "<group>";
		};
		0F6EF342278D612300D021CF /* Endpoint */ = {
			isa = PBXGroup;
			children = (
				0F6EF343278D612A00D021CF /* Endpoint.swift */,
			);
			path = Endpoint;
			sourceTree = "<group>";
		};
/* End PBXGroup section */

/* Begin PBXHeadersBuildPhase section */
		0F6EF312278D5E6200D021CF /* Headers */ = {
			isa = PBXHeadersBuildPhase;
			buildActionMask = 2147483647;
			files = (
				0F6EF326278D5E6200D021CF /* TheShoppingFeed.h in Headers */,
			);
			runOnlyForDeploymentPostprocessing = 0;
		};
/* End PBXHeadersBuildPhase section */

/* Begin PBXNativeTarget section */
		0F6EF316278D5E6200D021CF /* TheShoppingFeed */ = {
			isa = PBXNativeTarget;
			buildConfigurationList = 0F6EF329278D5E6200D021CF /* Build configuration list for PBXNativeTarget "TheShoppingFeed" */;
			buildPhases = (
				0F6EF312278D5E6200D021CF /* Headers */,
				0F6EF313278D5E6200D021CF /* Sources */,
				0F6EF314278D5E6200D021CF /* Frameworks */,
				0F6EF315278D5E6200D021CF /* Resources */,
			);
			buildRules = (
			);
			dependencies = (
			);
			name = TheShoppingFeed;
			productName = TheShoppingFeed;
			productReference = 0F6EF317278D5E6200D021CF /* TheShoppingFeed.framework */;
			productType = "com.apple.product-type.framework";
		};
		0F6EF31E278D5E6200D021CF /* TheShoppingFeedTests */ = {
			isa = PBXNativeTarget;
			buildConfigurationList = 0F6EF32C278D5E6200D021CF /* Build configuration list for PBXNativeTarget "TheShoppingFeedTests" */;
			buildPhases = (
				0F6EF31B278D5E6200D021CF /* Sources */,
				0F6EF31C278D5E6200D021CF /* Frameworks */,
				0F6EF31D278D5E6200D021CF /* Resources */,
			);
			buildRules = (
			);
			dependencies = (
				0F6EF322278D5E6200D021CF /* PBXTargetDependency */,
			);
			name = TheShoppingFeedTests;
			productName = TheShoppingFeedTests;
			productReference = 0F6EF31F278D5E6200D021CF /* TheShoppingFeedTests.xctest */;
			productType = "com.apple.product-type.bundle.unit-test";
		};
/* End PBXNativeTarget section */

/* Begin PBXProject section */
		0F6EF30E278D5E6200D021CF /* Project object */ = {
			isa = PBXProject;
			attributes = {
				BuildIndependentTargetsInParallel = 1;
				LastSwiftUpdateCheck = 1310;
				LastUpgradeCheck = 1310;
				TargetAttributes = {
					0F6EF316278D5E6200D021CF = {
						CreatedOnToolsVersion = 13.1;
						LastSwiftMigration = 1310;
					};
					0F6EF31E278D5E6200D021CF = {
						CreatedOnToolsVersion = 13.1;
					};
				};
			};
			buildConfigurationList = 0F6EF311278D5E6200D021CF /* Build configuration list for PBXProject "TheShoppingFeed" */;
			compatibilityVersion = "Xcode 13.0";
			developmentRegion = en;
			hasScannedForEncodings = 0;
			knownRegions = (
				en,
				Base,
			);
			mainGroup = 0F6EF30D278D5E6200D021CF;
			productRefGroup = 0F6EF318278D5E6200D021CF /* Products */;
			projectDirPath = "";
			projectRoot = "";
			targets = (
				0F6EF316278D5E6200D021CF /* TheShoppingFeed */,
				0F6EF31E278D5E6200D021CF /* TheShoppingFeedTests */,
			);
		};
/* End PBXProject section */

/* Begin PBXResourcesBuildPhase section */
		0F6EF315278D5E6200D021CF /* Resources */ = {
			isa = PBXResourcesBuildPhase;
			buildActionMask = 2147483647;
			files = (
			);
			runOnlyForDeploymentPostprocessing = 0;
		};
		0F6EF31D278D5E6200D021CF /* Resources */ = {
			isa = PBXResourcesBuildPhase;
			buildActionMask = 2147483647;
			files = (
			);
			runOnlyForDeploymentPostprocessing = 0;
		};
/* End PBXResourcesBuildPhase section */

/* Begin PBXSourcesBuildPhase section */
		0F6EF313278D5E6200D021CF /* Sources */ = {
			isa = PBXSourcesBuildPhase;
			buildActionMask = 2147483647;
			files = (
				0F6EF341278D60A400D021CF /* Router.swift in Sources */,
				0F6EF344278D612A00D021CF /* Endpoint.swift in Sources */,
				0F6EF334278D5F8A00D021CF /* URLParameterEncoding.swift in Sources */,
				0F6EF33B278D605300D021CF /* HTTPTask.swift in Sources */,
				0F6EF33D278D606000D021CF /* HTTPMethod.swift in Sources */,
				0F6EF33F278D606A00D021CF /* NetworkProtocol.swift in Sources */,
				0F6EF339278D5FF100D021CF /* NetworkError.swift in Sources */,
				0F6EF332278D5F8000D021CF /* ParameterEncoding.swift in Sources */,
				0F6EF336278D5F9A00D021CF /* JSONParameterEncoder.swift in Sources */,
			);
			runOnlyForDeploymentPostprocessing = 0;
		};
		0F6EF31B278D5E6200D021CF /* Sources */ = {
			isa = PBXSourcesBuildPhase;
			buildActionMask = 2147483647;
			files = (
				0F6EF325278D5E6200D021CF /* TheShoppingFeedTests.swift in Sources */,
			);
			runOnlyForDeploymentPostprocessing = 0;
		};
/* End PBXSourcesBuildPhase section */

/* Begin PBXTargetDependency section */
		0F6EF322278D5E6200D021CF /* PBXTargetDependency */ = {
			isa = PBXTargetDependency;
			target = 0F6EF316278D5E6200D021CF /* TheShoppingFeed */;
			targetProxy = 0F6EF321278D5E6200D021CF /* PBXContainerItemProxy */;
		};
/* End PBXTargetDependency section */

/* Begin XCBuildConfiguration section */
		0F6EF327278D5E6200D021CF /* Debug */ = {
			isa = XCBuildConfiguration;
			buildSettings = {
				ALWAYS_SEARCH_USER_PATHS = NO;
				CLANG_ANALYZER_NONNULL = YES;
				CLANG_ANALYZER_NUMBER_OBJECT_CONVERSION = YES_AGGRESSIVE;
				CLANG_CXX_LANGUAGE_STANDARD = "gnu++17";
				CLANG_CXX_LIBRARY = "libc++";
				CLANG_ENABLE_MODULES = YES;
				CLANG_ENABLE_OBJC_ARC = YES;
				CLANG_ENABLE_OBJC_WEAK = YES;
				CLANG_WARN_BLOCK_CAPTURE_AUTORELEASING = YES;
				CLANG_WARN_BOOL_CONVERSION = YES;
				CLANG_WARN_COMMA = YES;
				CLANG_WARN_CONSTANT_CONVERSION = YES;
				CLANG_WARN_DEPRECATED_OBJC_IMPLEMENTATIONS = YES;
				CLANG_WARN_DIRECT_OBJC_ISA_USAGE = YES_ERROR;
				CLANG_WARN_DOCUMENTATION_COMMENTS = YES;
				CLANG_WARN_EMPTY_BODY = YES;
				CLANG_WARN_ENUM_CONVERSION = YES;
				CLANG_WARN_INFINITE_RECURSION = YES;
				CLANG_WARN_INT_CONVERSION = YES;
				CLANG_WARN_NON_LITERAL_NULL_CONVERSION = YES;
				CLANG_WARN_OBJC_IMPLICIT_RETAIN_SELF = YES;
				CLANG_WARN_OBJC_LITERAL_CONVERSION = YES;
				CLANG_WARN_OBJC_ROOT_CLASS = YES_ERROR;
				CLANG_WARN_QUOTED_INCLUDE_IN_FRAMEWORK_HEADER = YES;
				CLANG_WARN_RANGE_LOOP_ANALYSIS = YES;
				CLANG_WARN_STRICT_PROTOTYPES = YES;
				CLANG_WARN_SUSPICIOUS_MOVE = YES;
				CLANG_WARN_UNGUARDED_AVAILABILITY = YES_AGGRESSIVE;
				CLANG_WARN_UNREACHABLE_CODE = YES;
				CLANG_WARN__DUPLICATE_METHOD_MATCH = YES;
				COPY_PHASE_STRIP = NO;
				CURRENT_PROJECT_VERSION = 1;
				DEBUG_INFORMATION_FORMAT = dwarf;
				ENABLE_STRICT_OBJC_MSGSEND = YES;
				ENABLE_TESTABILITY = YES;
				GCC_C_LANGUAGE_STANDARD = gnu11;
				GCC_DYNAMIC_NO_PIC = NO;
				GCC_NO_COMMON_BLOCKS = YES;
				GCC_OPTIMIZATION_LEVEL = 0;
				GCC_PREPROCESSOR_DEFINITIONS = (
					"DEBUG=1",
					"$(inherited)",
				);
				GCC_WARN_64_TO_32_BIT_CONVERSION = YES;
				GCC_WARN_ABOUT_RETURN_TYPE = YES_ERROR;
				GCC_WARN_UNDECLARED_SELECTOR = YES;
				GCC_WARN_UNINITIALIZED_AUTOS = YES_AGGRESSIVE;
				GCC_WARN_UNUSED_FUNCTION = YES;
				GCC_WARN_UNUSED_VARIABLE = YES;
				IPHONEOS_DEPLOYMENT_TARGET = 15.0;
				MTL_ENABLE_DEBUG_INFO = INCLUDE_SOURCE;
				MTL_FAST_MATH = YES;
				ONLY_ACTIVE_ARCH = YES;
				SDKROOT = iphoneos;
				SWIFT_ACTIVE_COMPILATION_CONDITIONS = DEBUG;
				SWIFT_OPTIMIZATION_LEVEL = "-Onone";
				VERSIONING_SYSTEM = "apple-generic";
				VERSION_INFO_PREFIX = "";
			};
			name = Debug;
		};
		0F6EF328278D5E6200D021CF /* Release */ = {
			isa = XCBuildConfiguration;
			buildSettings = {
				ALWAYS_SEARCH_USER_PATHS = NO;
				CLANG_ANALYZER_NONNULL = YES;
				CLANG_ANALYZER_NUMBER_OBJECT_CONVERSION = YES_AGGRESSIVE;
				CLANG_CXX_LANGUAGE_STANDARD = "gnu++17";
				CLANG_CXX_LIBRARY = "libc++";
				CLANG_ENABLE_MODULES = YES;
				CLANG_ENABLE_OBJC_ARC = YES;
				CLANG_ENABLE_OBJC_WEAK = YES;
				CLANG_WARN_BLOCK_CAPTURE_AUTORELEASING = YES;
				CLANG_WARN_BOOL_CONVERSION = YES;
				CLANG_WARN_COMMA = YES;
				CLANG_WARN_CONSTANT_CONVERSION = YES;
				CLANG_WARN_DEPRECATED_OBJC_IMPLEMENTATIONS = YES;
				CLANG_WARN_DIRECT_OBJC_ISA_USAGE = YES_ERROR;
				CLANG_WARN_DOCUMENTATION_COMMENTS = YES;
				CLANG_WARN_EMPTY_BODY = YES;
				CLANG_WARN_ENUM_CONVERSION = YES;
				CLANG_WARN_INFINITE_RECURSION = YES;
				CLANG_WARN_INT_CONVERSION = YES;
				CLANG_WARN_NON_LITERAL_NULL_CONVERSION = YES;
				CLANG_WARN_OBJC_IMPLICIT_RETAIN_SELF = YES;
				CLANG_WARN_OBJC_LITERAL_CONVERSION = YES;
				CLANG_WARN_OBJC_ROOT_CLASS = YES_ERROR;
				CLANG_WARN_QUOTED_INCLUDE_IN_FRAMEWORK_HEADER = YES;
				CLANG_WARN_RANGE_LOOP_ANALYSIS = YES;
				CLANG_WARN_STRICT_PROTOTYPES = YES;
				CLANG_WARN_SUSPICIOUS_MOVE = YES;
				CLANG_WARN_UNGUARDED_AVAILABILITY = YES_AGGRESSIVE;
				CLANG_WARN_UNREACHABLE_CODE = YES;
				CLANG_WARN__DUPLICATE_METHOD_MATCH = YES;
				COPY_PHASE_STRIP = NO;
				CURRENT_PROJECT_VERSION = 1;
				DEBUG_INFORMATION_FORMAT = "dwarf-with-dsym";
				ENABLE_NS_ASSERTIONS = NO;
				ENABLE_STRICT_OBJC_MSGSEND = YES;
				GCC_C_LANGUAGE_STANDARD = gnu11;
				GCC_NO_COMMON_BLOCKS = YES;
				GCC_WARN_64_TO_32_BIT_CONVERSION = YES;
				GCC_WARN_ABOUT_RETURN_TYPE = YES_ERROR;
				GCC_WARN_UNDECLARED_SELECTOR = YES;
				GCC_WARN_UNINITIALIZED_AUTOS = YES_AGGRESSIVE;
				GCC_WARN_UNUSED_FUNCTION = YES;
				GCC_WARN_UNUSED_VARIABLE = YES;
				IPHONEOS_DEPLOYMENT_TARGET = 15.0;
				MTL_ENABLE_DEBUG_INFO = NO;
				MTL_FAST_MATH = YES;
				SDKROOT = iphoneos;
				SWIFT_COMPILATION_MODE = wholemodule;
				SWIFT_OPTIMIZATION_LEVEL = "-O";
				VALIDATE_PRODUCT = YES;
				VERSIONING_SYSTEM = "apple-generic";
				VERSION_INFO_PREFIX = "";
			};
			name = Release;
		};
		0F6EF32A278D5E6200D021CF /* Debug */ = {
			isa = XCBuildConfiguration;
			buildSettings = {
				CLANG_ENABLE_MODULES = YES;
				CODE_SIGN_STYLE = Automatic;
				CURRENT_PROJECT_VERSION = 1;
				DEFINES_MODULE = YES;
				DEVELOPMENT_TEAM = 22SW3CPUDS;
				DYLIB_COMPATIBILITY_VERSION = 1;
				DYLIB_CURRENT_VERSION = 1;
				DYLIB_INSTALL_NAME_BASE = "@rpath";
				GENERATE_INFOPLIST_FILE = YES;
				INFOPLIST_KEY_NSHumanReadableCopyright = "";
				INSTALL_PATH = "$(LOCAL_LIBRARY_DIR)/Frameworks";
				LD_RUNPATH_SEARCH_PATHS = (
					"$(inherited)",
					"@executable_path/Frameworks",
					"@loader_path/Frameworks",
				);
				MARKETING_VERSION = 1.0;
				PRODUCT_BUNDLE_IDENTIFIER = com.ilhansari.TheShoppingFeed;
				PRODUCT_NAME = "$(TARGET_NAME:c99extidentifier)";
				SKIP_INSTALL = YES;
				SWIFT_EMIT_LOC_STRINGS = YES;
				SWIFT_OPTIMIZATION_LEVEL = "-Onone";
				SWIFT_VERSION = 5.0;
				TARGETED_DEVICE_FAMILY = "1,2";
			};
			name = Debug;
		};
		0F6EF32B278D5E6200D021CF /* Release */ = {
			isa = XCBuildConfiguration;
			buildSettings = {
				CLANG_ENABLE_MODULES = YES;
				CODE_SIGN_STYLE = Automatic;
				CURRENT_PROJECT_VERSION = 1;
				DEFINES_MODULE = YES;
				DEVELOPMENT_TEAM = 22SW3CPUDS;
				DYLIB_COMPATIBILITY_VERSION = 1;
				DYLIB_CURRENT_VERSION = 1;
				DYLIB_INSTALL_NAME_BASE = "@rpath";
				GENERATE_INFOPLIST_FILE = YES;
				INFOPLIST_KEY_NSHumanReadableCopyright = "";
				INSTALL_PATH = "$(LOCAL_LIBRARY_DIR)/Frameworks";
				LD_RUNPATH_SEARCH_PATHS = (
					"$(inherited)",
					"@executable_path/Frameworks",
					"@loader_path/Frameworks",
				);
				MARKETING_VERSION = 1.0;
				PRODUCT_BUNDLE_IDENTIFIER = com.ilhansari.TheShoppingFeed;
				PRODUCT_NAME = "$(TARGET_NAME:c99extidentifier)";
				SKIP_INSTALL = YES;
				SWIFT_EMIT_LOC_STRINGS = YES;
				SWIFT_VERSION = 5.0;
				TARGETED_DEVICE_FAMILY = "1,2";
			};
			name = Release;
		};
		0F6EF32D278D5E6200D021CF /* Debug */ = {
			isa = XCBuildConfiguration;
			buildSettings = {
				ALWAYS_EMBED_SWIFT_STANDARD_LIBRARIES = YES;
				CODE_SIGN_STYLE = Automatic;
				CURRENT_PROJECT_VERSION = 1;
				DEVELOPMENT_TEAM = 22SW3CPUDS;
				GENERATE_INFOPLIST_FILE = YES;
				LD_RUNPATH_SEARCH_PATHS = (
					"$(inherited)",
					"@executable_path/Frameworks",
					"@loader_path/Frameworks",
				);
				MARKETING_VERSION = 1.0;
				PRODUCT_BUNDLE_IDENTIFIER = com.ilhansari.TheShoppingFeedTests;
				PRODUCT_NAME = "$(TARGET_NAME)";
				SWIFT_EMIT_LOC_STRINGS = NO;
				SWIFT_VERSION = 5.0;
				TARGETED_DEVICE_FAMILY = "1,2";
			};
			name = Debug;
		};
		0F6EF32E278D5E6200D021CF /* Release */ = {
			isa = XCBuildConfiguration;
			buildSettings = {
				ALWAYS_EMBED_SWIFT_STANDARD_LIBRARIES = YES;
				CODE_SIGN_STYLE = Automatic;
				CURRENT_PROJECT_VERSION = 1;
				DEVELOPMENT_TEAM = 22SW3CPUDS;
				GENERATE_INFOPLIST_FILE = YES;
				LD_RUNPATH_SEARCH_PATHS = (
					"$(inherited)",
					"@executable_path/Frameworks",
					"@loader_path/Frameworks",
				);
				MARKETING_VERSION = 1.0;
				PRODUCT_BUNDLE_IDENTIFIER = com.ilhansari.TheShoppingFeedTests;
				PRODUCT_NAME = "$(TARGET_NAME)";
				SWIFT_EMIT_LOC_STRINGS = NO;
				SWIFT_VERSION = 5.0;
				TARGETED_DEVICE_FAMILY = "1,2";
			};
			name = Release;
		};
/* End XCBuildConfiguration section */

/* Begin XCConfigurationList section */
		0F6EF311278D5E6200D021CF /* Build configuration list for PBXProject "TheShoppingFeed" */ = {
			isa = XCConfigurationList;
			buildConfigurations = (
				0F6EF327278D5E6200D021CF /* Debug */,
				0F6EF328278D5E6200D021CF /* Release */,
			);
			defaultConfigurationIsVisible = 0;
			defaultConfigurationName = Release;
		};
		0F6EF329278D5E6200D021CF /* Build configuration list for PBXNativeTarget "TheShoppingFeed" */ = {
			isa = XCConfigurationList;
			buildConfigurations = (
				0F6EF32A278D5E6200D021CF /* Debug */,
				0F6EF32B278D5E6200D021CF /* Release */,
			);
			defaultConfigurationIsVisible = 0;
			defaultConfigurationName = Release;
		};
		0F6EF32C278D5E6200D021CF /* Build configuration list for PBXNativeTarget "TheShoppingFeedTests" */ = {
			isa = XCConfigurationList;
			buildConfigurations = (
				0F6EF32D278D5E6200D021CF /* Debug */,
				0F6EF32E278D5E6200D021CF /* Release */,
			);
			defaultConfigurationIsVisible = 0;
			defaultConfigurationName = Release;
		};
/* End XCConfigurationList section */
	};
	rootObject = 0F6EF30E278D5E6200D021CF /* Project object */;
}
